
Microsoft Visual Studio Solution File, Format Version 12.00
# Visual Studio Version 17
VisualStudioVersion = 17.10.35004.147
MinimumVisualStudioVersion = 10.0.40219.1
Project("{FAE04EC0-301F-11D3-BF4B-00C04F79EFBC}") = "Api.Microservice.CarritoCompra", "Api.Microservice.CarritoCompra\Api.Microservice.CarritoCompra.csproj", "{56E36CF9-01F6-4311-B74F-3FCAA5B8E4C4}"
EndProject
Global
	GlobalSection(SolutionConfigurationPlatforms) = preSolution
		Debug|Any CPU = Debug|Any CPU
		Release|Any CPU = Release|Any CPU
	EndGlobalSection
	GlobalSection(ProjectConfigurationPlatforms) = postSolution
		{56E36CF9-01F6-4311-B74F-3FCAA5B8E4C4}.Debug|Any CPU.ActiveCfg = Debug|Any CPU
		{56E36CF9-01F6-4311-B74F-3FCAA5B8E4C4}.Debug|Any CPU.Build.0 = Debug|Any CPU
		{56E36CF9-01F6-4311-B74F-3FCAA5B8E4C4}.Release|Any CPU.ActiveCfg = Release|Any CPU
		{56E36CF9-01F6-4311-B74F-3FCAA5B8E4C4}.Release|Any CPU.Build.0 = Release|Any CPU
	EndGlobalSection
	GlobalSection(SolutionProperties) = preSolution
		HideSolutionNode = FALSE
	EndGlobalSection
	GlobalSection(ExtensibilityGlobals) = postSolution
		SolutionGuid = {70CD704B-5C64-41FB-AE07-15B70E2F6083}
	EndGlobalSection
EndGlobal
